
Microsoft Visual Studio Solution File, Format Version 12.00
Project("{FAE04EC0-301F-11D3-BF4B-00C04F79EFBC}") = "Bubble", "Bubble\Bubble.csproj", "{A751E5D1-B816-4293-AD53-0F7B60D4440D}"
EndProject
Project("{FAE04EC0-301F-11D3-BF4B-00C04F79EFBC}") = "Radix", "Radix\Radix.csproj", "{C6B5D05B-C7F0-4DF8-9CC2-3610EFFD0A79}"
EndProject
Project("{FAE04EC0-301F-11D3-BF4B-00C04F79EFBC}") = "Insertion", "Insertion\Insertion.csproj", "{DA9F9BEA-665A-4D93-91E0-0BF3CFDD168E}"
EndProject
Global
	GlobalSection(SolutionConfigurationPlatforms) = preSolution
		Debug|Any CPU = Debug|Any CPU
		Release|Any CPU = Release|Any CPU
	EndGlobalSection
	GlobalSection(ProjectConfigurationPlatforms) = postSolution
		{A751E5D1-B816-4293-AD53-0F7B60D4440D}.Debug|Any CPU.ActiveCfg = Debug|Any CPU
		{A751E5D1-B816-4293-AD53-0F7B60D4440D}.Debug|Any CPU.Build.0 = Debug|Any CPU
		{A751E5D1-B816-4293-AD53-0F7B60D4440D}.Release|Any CPU.ActiveCfg = Release|Any CPU
		{A751E5D1-B816-4293-AD53-0F7B60D4440D}.Release|Any CPU.Build.0 = Release|Any CPU
		{C6B5D05B-C7F0-4DF8-9CC2-3610EFFD0A79}.Debug|Any CPU.ActiveCfg = Debug|Any CPU
		{C6B5D05B-C7F0-4DF8-9CC2-3610EFFD0A79}.Debug|Any CPU.Build.0 = Debug|Any CPU
		{C6B5D05B-C7F0-4DF8-9CC2-3610EFFD0A79}.Release|Any CPU.ActiveCfg = Release|Any CPU
		{C6B5D05B-C7F0-4DF8-9CC2-3610EFFD0A79}.Release|Any CPU.Build.0 = Release|Any CPU
		{DA9F9BEA-665A-4D93-91E0-0BF3CFDD168E}.Debug|Any CPU.ActiveCfg = Debug|Any CPU
		{DA9F9BEA-665A-4D93-91E0-0BF3CFDD168E}.Debug|Any CPU.Build.0 = Debug|Any CPU
		{DA9F9BEA-665A-4D93-91E0-0BF3CFDD168E}.Release|Any CPU.ActiveCfg = Release|Any CPU
		{DA9F9BEA-665A-4D93-91E0-0BF3CFDD168E}.Release|Any CPU.Build.0 = Release|Any CPU
	EndGlobalSection
EndGlobal
